// !$*UTF8*$!
{
	archiveVersion = 1;
	classes = {
	};
	objectVersion = 50;
	objects = {

/* Begin PBXBuildFile section */
		9C140189246F80B300F11C10 /* AppDelegate.swift in Sources */ = {isa = PBXBuildFile; fileRef = 9C140188246F80B300F11C10 /* AppDelegate.swift */; };
		9C14018B246F80B300F11C10 /* SceneDelegate.swift in Sources */ = {isa = PBXBuildFile; fileRef = 9C14018A246F80B300F11C10 /* SceneDelegate.swift */; };
		9C14018D246F80B300F11C10 /* ViewController.swift in Sources */ = {isa = PBXBuildFile; fileRef = 9C14018C246F80B300F11C10 /* ViewController.swift */; };
		9C140190246F80B300F11C10 /* Main.storyboard in Resources */ = {isa = PBXBuildFile; fileRef = 9C14018E246F80B300F11C10 /* Main.storyboard */; };
		9C140192246F80B600F11C10 /* Assets.xcassets in Resources */ = {isa = PBXBuildFile; fileRef = 9C140191246F80B600F11C10 /* Assets.xcassets */; };
		9C140195246F80B600F11C10 /* LaunchScreen.storyboard in Resources */ = {isa = PBXBuildFile; fileRef = 9C140193246F80B600F11C10 /* LaunchScreen.storyboard */; };
		9C14019E246F88A300F11C10 /* BoDe.swift in Sources */ = {isa = PBXBuildFile; fileRef = 9C14019D246F88A300F11C10 /* BoDe.swift */; };
		9C1401A0246FA4A600F11C10 /* Main_ViewController.swift in Sources */ = {isa = PBXBuildFile; fileRef = 9C14019F246FA4A600F11C10 /* Main_ViewController.swift */; };
		9C1401A2246FA4D600F11C10 /* End_ViewController.swift in Sources */ = {isa = PBXBuildFile; fileRef = 9C1401A1246FA4D600F11C10 /* End_ViewController.swift */; };
		9C1401A4246FC84A00F11C10 /* b.mp3 in Resources */ = {isa = PBXBuildFile; fileRef = 9C1401A3246FC84A00F11C10 /* b.mp3 */; };
/* End PBXBuildFile section */

/* Begin PBXFileReference section */
		9C140185246F80B300F11C10 /* Project_Trac_Nghiem.app */ = {isa = PBXFileReference; explicitFileType = wrapper.application; includeInIndex = 0; path = Project_Trac_Nghiem.app; sourceTree = BUILT_PRODUCTS_DIR; };
		9C140188246F80B300F11C10 /* AppDelegate.swift */ = {isa = PBXFileReference; lastKnownFileType = sourcecode.swift; path = AppDelegate.swift; sourceTree = "<group>"; };
		9C14018A246F80B300F11C10 /* SceneDelegate.swift */ = {isa = PBXFileReference; lastKnownFileType = sourcecode.swift; path = SceneDelegate.swift; sourceTree = "<group>"; };
		9C14018C246F80B300F11C10 /* ViewController.swift */ = {isa = PBXFileReference; lastKnownFileType = sourcecode.swift; path = ViewController.swift; sourceTree = "<group>"; };
		9C14018F246F80B300F11C10 /* Base */ = {isa = PBXFileReference; lastKnownFileType = file.storyboard; name = Base; path = Base.lproj/Main.storyboard; sourceTree = "<group>"; };
		9C140191246F80B600F11C10 /* Assets.xcassets */ = {isa = PBXFileReference; lastKnownFileType = folder.assetcatalog; path = Assets.xcassets; sourceTree = "<group>"; };
		9C140194246F80B600F11C10 /* Base */ = {isa = PBXFileReference; lastKnownFileType = file.storyboard; name = Base; path = Base.lproj/LaunchScreen.storyboard; sourceTree = "<group>"; };
		9C140196246F80B600F11C10 /* Info.plist */ = {isa = PBXFileReference; lastKnownFileType = text.plist.xml; path = Info.plist; sourceTree = "<group>"; };
		9C14019D246F88A300F11C10 /* BoDe.swift */ = {isa = PBXFileReference; lastKnownFileType = sourcecode.swift; path = BoDe.swift; sourceTree = "<group>"; };
		9C14019F246FA4A600F11C10 /* Main_ViewController.swift */ = {isa = PBXFileReference; lastKnownFileType = sourcecode.swift; path = Main_ViewController.swift; sourceTree = "<group>"; };
		9C1401A1246FA4D600F11C10 /* End_ViewController.swift */ = {isa = PBXFileReference; lastKnownFileType = sourcecode.swift; path = End_ViewController.swift; sourceTree = "<group>"; };
		9C1401A3246FC84A00F11C10 /* b.mp3 */ = {isa = PBXFileReference; lastKnownFileType = audio.mp3; path = b.mp3; sourceTree = "<group>"; };
/* End PBXFileReference section */

/* Begin PBXFrameworksBuildPhase section */
		9C140182246F80B300F11C10 /* Frameworks */ = {
			isa = PBXFrameworksBuildPhase;
			buildActionMask = 2147483647;
			files = (
			);
			runOnlyForDeploymentPostprocessing = 0;
		};
/* End PBXFrameworksBuildPhase section */

/* Begin PBXGroup section */
		9C14017C246F80B300F11C10 = {
			isa = PBXGroup;
			children = (
				9C1401A3246FC84A00F11C10 /* b.mp3 */,
				9C140187246F80B300F11C10 /* Project_Trac_Nghiem */,
				9C140186246F80B300F11C10 /* Products */,
			);
			sourceTree = "<group>";
		};
		9C140186246F80B300F11C10 /* Products */ = {
			isa = PBXGroup;
			children = (
				9C140185246F80B300F11C10 /* Project_Trac_Nghiem.app */,
			);
			name = Products;
			sourceTree = "<group>";
		};
		9C140187246F80B300F11C10 /* Project_Trac_Nghiem */ = {
			isa = PBXGroup;
			children = (
				9C14019C246F887C00F11C10 /* ChuDe */,
				9C140188246F80B300F11C10 /* AppDelegate.swift */,
				9C14018A246F80B300F11C10 /* SceneDelegate.swift */,
				9C14018C246F80B300F11C10 /* ViewController.swift */,
				9C14018E246F80B300F11C10 /* Main.storyboard */,
				9C140191246F80B600F11C10 /* Assets.xcassets */,
				9C140193246F80B600F11C10 /* LaunchScreen.storyboard */,
				9C140196246F80B600F11C10 /* Info.plist */,
				9C14019F246FA4A600F11C10 /* Main_ViewController.swift */,
				9C1401A1246FA4D600F11C10 /* End_ViewController.swift */,
			);
			path = Project_Trac_Nghiem;
			sourceTree = "<group>";
		};
		9C14019C246F887C00F11C10 /* ChuDe */ = {
			isa = PBXGroup;
			children = (
				9C14019D246F88A300F11C10 /* BoDe.swift */,
			);
			path = ChuDe;
			sourceTree = "<group>";
		};
/* End PBXGroup section */

/* Begin PBXNativeTarget section */
		9C140184246F80B300F11C10 /* Project_Trac_Nghiem */ = {
			isa = PBXNativeTarget;
			buildConfigurationList = 9C140199246F80B600F11C10 /* Build configuration list for PBXNativeTarget "Project_Trac_Nghiem" */;
			buildPhases = (
				9C140181246F80B300F11C10 /* Sources */,
				9C140182246F80B300F11C10 /* Frameworks */,
				9C140183246F80B300F11C10 /* Resources */,
			);
			buildRules = (
			);
			dependencies = (
			);
			name = Project_Trac_Nghiem;
			productName = Project_Trac_Nghiem;
			productReference = 9C140185246F80B300F11C10 /* Project_Trac_Nghiem.app */;
			productType = "com.apple.product-type.application";
		};
/* End PBXNativeTarget section */

/* Begin PBXProject section */
		9C14017D246F80B300F11C10 /* Project object */ = {
			isa = PBXProject;
			attributes = {
				LastSwiftUpdateCheck = 1130;
				LastUpgradeCheck = 1130;
				ORGANIZATIONNAME = Ong_Lao_Ngao;
				TargetAttributes = {
					9C140184246F80B300F11C10 = {
						CreatedOnToolsVersion = 11.3;
					};
				};
			};
			buildConfigurationList = 9C140180246F80B300F11C10 /* Build configuration list for PBXProject "Project_Trac_Nghiem" */;
			compatibilityVersion = "Xcode 9.3";
			developmentRegion = en;
			hasScannedForEncodings = 0;
			knownRegions = (
				en,
				Base,
			);
			mainGroup = 9C14017C246F80B300F11C10;
			productRefGroup = 9C140186246F80B300F11C10 /* Products */;
			projectDirPath = "";
			projectRoot = "";
			targets = (
				9C140184246F80B300F11C10 /* Project_Trac_Nghiem */,
			);
		};
/* End PBXProject section */

/* Begin PBXResourcesBuildPhase section */
		9C140183246F80B300F11C10 /* Resources */ = {
			isa = PBXResourcesBuildPhase;
			buildActionMask = 2147483647;
			files = (
				9C140195246F80B600F11C10 /* LaunchScreen.storyboard in Resources */,
				9C1401A4246FC84A00F11C10 /* b.mp3 in Resources */,
				9C140192246F80B600F11C10 /* Assets.xcassets in Resources */,
				9C140190246F80B300F11C10 /* Main.storyboard in Resources */,
			);
			runOnlyForDeploymentPostprocessing = 0;
		};
/* End PBXResourcesBuildPhase section */

/* Begin PBXSourcesBuildPhase section */
		9C140181246F80B300F11C10 /* Sources */ = {
			isa = PBXSourcesBuildPhase;
			buildActionMask = 2147483647;
			files = (
				9C1401A2246FA4D600F11C10 /* End_ViewController.swift in Sources */,
				9C14018D246F80B300F11C10 /* ViewController.swift in Sources */,
				9C140189246F80B300F11C10 /* AppDelegate.swift in Sources */,
				9C14018B246F80B300F11C10 /* SceneDelegate.swift in Sources */,
				9C14019E246F88A300F11C10 /* BoDe.swift in Sources */,
				9C1401A0246FA4A600F11C10 /* Main_ViewController.swift in Sources */,
			);
			runOnlyForDeploymentPostprocessing = 0;
		};
/* End PBXSourcesBuildPhase section */

/* Begin PBXVariantGroup section */
		9C14018E246F80B300F11C10 /* Main.storyboard */ = {
			isa = PBXVariantGroup;
			children = (
				9C14018F246F80B300F11C10 /* Base */,
			);
			name = Main.storyboard;
			sourceTree = "<group>";
		};
		9C140193246F80B600F11C10 /* LaunchScreen.storyboard */ = {
			isa = PBXVariantGroup;
			children = (
				9C140194246F80B600F11C10 /* Base */,
			);
			name = LaunchScreen.storyboard;
			sourceTree = "<group>";
		};
/* End PBXVariantGroup section */

/* Begin XCBuildConfiguration section */
		9C140197246F80B600F11C10 /* Debug */ = {
			isa = XCBuildConfiguration;
			buildSettings = {
				ALWAYS_SEARCH_USER_PATHS = NO;
				CLANG_ANALYZER_NONNULL = YES;
				CLANG_ANALYZER_NUMBER_OBJECT_CONVERSION = YES_AGGRESSIVE;
				CLANG_CXX_LANGUAGE_STANDARD = "gnu++14";
				CLANG_CXX_LIBRARY = "libc++";
				CLANG_ENABLE_MODULES = YES;
				CLANG_ENABLE_OBJC_ARC = YES;
				CLANG_ENABLE_OBJC_WEAK = YES;
				CLANG_WARN_BLOCK_CAPTURE_AUTORELEASING = YES;
				CLANG_WARN_BOOL_CONVERSION = YES;
				CLANG_WARN_COMMA = YES;
				CLANG_WARN_CONSTANT_CONVERSION = YES;
				CLANG_WARN_DEPRECATED_OBJC_IMPLEMENTATIONS = YES;
				CLANG_WARN_DIRECT_OBJC_ISA_USAGE = YES_ERROR;
				CLANG_WARN_DOCUMENTATION_COMMENTS = YES;
				CLANG_WARN_EMPTY_BODY = YES;
				CLANG_WARN_ENUM_CONVERSION = YES;
				CLANG_WARN_INFINITE_RECURSION = YES;
				CLANG_WARN_INT_CONVERSION = YES;
				CLANG_WARN_NON_LITERAL_NULL_CONVERSION = YES;
				CLANG_WARN_OBJC_IMPLICIT_RETAIN_SELF = YES;
				CLANG_WARN_OBJC_LITERAL_CONVERSION = YES;
				CLANG_WARN_OBJC_ROOT_CLASS = YES_ERROR;
				CLANG_WARN_RANGE_LOOP_ANALYSIS = YES;
				CLANG_WARN_STRICT_PROTOTYPES = YES;
				CLANG_WARN_SUSPICIOUS_MOVE = YES;
				CLANG_WARN_UNGUARDED_AVAILABILITY = YES_AGGRESSIVE;
				CLANG_WARN_UNREACHABLE_CODE = YES;
				CLANG_WARN__DUPLICATE_METHOD_MATCH = YES;
				COPY_PHASE_STRIP = NO;
				DEBUG_INFORMATION_FORMAT = dwarf;
				ENABLE_STRICT_OBJC_MSGSEND = YES;
				ENABLE_TESTABILITY = YES;
				GCC_C_LANGUAGE_STANDARD = gnu11;
				GCC_DYNAMIC_NO_PIC = NO;
				GCC_NO_COMMON_BLOCKS = YES;
				GCC_OPTIMIZATION_LEVEL = 0;
				GCC_PREPROCESSOR_DEFINITIONS = (
					"DEBUG=1",
					"$(inherited)",
				);
				GCC_WARN_64_TO_32_BIT_CONVERSION = YES;
				GCC_WARN_ABOUT_RETURN_TYPE = YES_ERROR;
				GCC_WARN_UNDECLARED_SELECTOR = YES;
				GCC_WARN_UNINITIALIZED_AUTOS = YES_AGGRESSIVE;
				GCC_WARN_UNUSED_FUNCTION = YES;
				GCC_WARN_UNUSED_VARIABLE = YES;
				IPHONEOS_DEPLOYMENT_TARGET = 13.2;
				MTL_ENABLE_DEBUG_INFO = INCLUDE_SOURCE;
				MTL_FAST_MATH = YES;
				ONLY_ACTIVE_ARCH = YES;
				SDKROOT = iphoneos;
				SWIFT_ACTIVE_COMPILATION_CONDITIONS = DEBUG;
				SWIFT_OPTIMIZATION_LEVEL = "-Onone";
			};
			name = Debug;
		};
		9C140198246F80B600F11C10 /* Release */ = {
			isa = XCBuildConfiguration;
			buildSettings = {
				ALWAYS_SEARCH_USER_PATHS = NO;
				CLANG_ANALYZER_NONNULL = YES;
				CLANG_ANALYZER_NUMBER_OBJECT_CONVERSION = YES_AGGRESSIVE;
				CLANG_CXX_LANGUAGE_STANDARD = "gnu++14";
				CLANG_CXX_LIBRARY = "libc++";
				CLANG_ENABLE_MODULES = YES;
				CLANG_ENABLE_OBJC_ARC = YES;
				CLANG_ENABLE_OBJC_WEAK = YES;
				CLANG_WARN_BLOCK_CAPTURE_AUTORELEASING = YES;
				CLANG_WARN_BOOL_CONVERSION = YES;
				CLANG_WARN_COMMA = YES;
				CLANG_WARN_CONSTANT_CONVERSION = YES;
				CLANG_WARN_DEPRECATED_OBJC_IMPLEMENTATIONS = YES;
				CLANG_WARN_DIRECT_OBJC_ISA_USAGE = YES_ERROR;
				CLANG_WARN_DOCUMENTATION_COMMENTS = YES;
				CLANG_WARN_EMPTY_BODY = YES;
				CLANG_WARN_ENUM_CONVERSION = YES;
				CLANG_WARN_INFINITE_RECURSION = YES;
				CLANG_WARN_INT_CONVERSION = YES;
				CLANG_WARN_NON_LITERAL_NULL_CONVERSION = YES;
				CLANG_WARN_OBJC_IMPLICIT_RETAIN_SELF = YES;
				CLANG_WARN_OBJC_LITERAL_CONVERSION = YES;
				CLANG_WARN_OBJC_ROOT_CLASS = YES_ERROR;
				CLANG_WARN_RANGE_LOOP_ANALYSIS = YES;
				CLANG_WARN_STRICT_PROTOTYPES = YES;
				CLANG_WARN_SUSPICIOUS_MOVE = YES;
				CLANG_WARN_UNGUARDED_AVAILABILITY = YES_AGGRESSIVE;
				CLANG_WARN_UNREACHABLE_CODE = YES;
				CLANG_WARN__DUPLICATE_METHOD_MATCH = YES;
				COPY_PHASE_STRIP = NO;
				DEBUG_INFORMATION_FORMAT = "dwarf-with-dsym";
				ENABLE_NS_ASSERTIONS = NO;
				ENABLE_STRICT_OBJC_MSGSEND = YES;
				GCC_C_LANGUAGE_STANDARD = gnu11;
				GCC_NO_COMMON_BLOCKS = YES;
				GCC_WARN_64_TO_32_BIT_CONVERSION = YES;
				GCC_WARN_ABOUT_RETURN_TYPE = YES_ERROR;
				GCC_WARN_UNDECLARED_SELECTOR = YES;
				GCC_WARN_UNINITIALIZED_AUTOS = YES_AGGRESSIVE;
				GCC_WARN_UNUSED_FUNCTION = YES;
				GCC_WARN_UNUSED_VARIABLE = YES;
				IPHONEOS_DEPLOYMENT_TARGET = 13.2;
				MTL_ENABLE_DEBUG_INFO = NO;
				MTL_FAST_MATH = YES;
				SDKROOT = iphoneos;
				SWIFT_COMPILATION_MODE = wholemodule;
				SWIFT_OPTIMIZATION_LEVEL = "-O";
				VALIDATE_PRODUCT = YES;
			};
			name = Release;
		};
		9C14019A246F80B600F11C10 /* Debug */ = {
			isa = XCBuildConfiguration;
			buildSettings = {
				ASSETCATALOG_COMPILER_APPICON_NAME = AppIcon;
				CODE_SIGN_STYLE = Automatic;
				INFOPLIST_FILE = Project_Trac_Nghiem/Info.plist;
				LD_RUNPATH_SEARCH_PATHS = (
					"$(inherited)",
					"@executable_path/Frameworks",
				);
				PRODUCT_BUNDLE_IDENTIFIER = "com.huy041299.Project-Trac-Nghiem";
				PRODUCT_NAME = "$(TARGET_NAME)";
				SWIFT_VERSION = 5.0;
				TARGETED_DEVICE_FAMILY = "1,2";
			};
			name = Debug;
		};
		9C14019B246F80B600F11C10 /* Release */ = {
			isa = XCBuildConfiguration;
			buildSettings = {
				ASSETCATALOG_COMPILER_APPICON_NAME = AppIcon;
				CODE_SIGN_STYLE = Automatic;
				INFOPLIST_FILE = Project_Trac_Nghiem/Info.plist;
				LD_RUNPATH_SEARCH_PATHS = (
					"$(inherited)",
					"@executable_path/Frameworks",
				);
				PRODUCT_BUNDLE_IDENTIFIER = "com.huy041299.Project-Trac-Nghiem";
				PRODUCT_NAME = "$(TARGET_NAME)";
				SWIFT_VERSION = 5.0;
				TARGETED_DEVICE_FAMILY = "1,2";
			};
			name = Release;
		};
/* End XCBuildConfiguration section */

/* Begin XCConfigurationList section */
		9C140180246F80B300F11C10 /* Build configuration list for PBXProject "Project_Trac_Nghiem" */ = {
			isa = XCConfigurationList;
			buildConfigurations = (
				9C140197246F80B600F11C10 /* Debug */,
				9C140198246F80B600F11C10 /* Release */,
			);
			defaultConfigurationIsVisible = 0;
			defaultConfigurationName = Release;
		};
		9C140199246F80B600F11C10 /* Build configuration list for PBXNativeTarget "Project_Trac_Nghiem" */ = {
			isa = XCConfigurationList;
			buildConfigurations = (
				9C14019A246F80B600F11C10 /* Debug */,
				9C14019B246F80B600F11C10 /* Release */,
			);
			defaultConfigurationIsVisible = 0;
			defaultConfigurationName = Release;
		};
/* End XCConfigurationList section */
	};
	rootObject = 9C14017D246F80B300F11C10 /* Project object */;
}
